
Microsoft Visual Studio Solution File, Format Version 11.00
# Visual Studio 2010
Project("{F184B08F-C81C-45F6-A57F-5ABD9991F28F}") = "CASI", "CASI.vbproj", "{E18A4236-5BFC-4033-A62C-BBADF7BBDD8E}"
EndProject
Project("{F184B08F-C81C-45F6-A57F-5ABD9991F28F}") = "CASI.Sample", "Sample\CASI.Sample.vbproj", "{078FBA2F-3140-4653-81E1-9216BEBEEB60}"
EndProject
Project("{F184B08F-C81C-45F6-A57F-5ABD9991F28F}") = "CASI.Tests", "Tests\CASI.Tests.vbproj", "{CEC03019-1222-4516-8E9E-770EDEA1ED30}"
EndProject
Project("{F184B08F-C81C-45F6-A57F-5ABD9991F28F}") = "CASI.UI", "UI\CASI.UI.vbproj", "{D2E8F793-FEAC-4CD8-A6CA-AE669EA791E9}"
EndProject
Global
	GlobalSection(SolutionConfigurationPlatforms) = preSolution
		Debug|Any CPU = Debug|Any CPU
		Debug|Mixed Platforms = Debug|Mixed Platforms
		Debug|x86 = Debug|x86
		Release|Any CPU = Release|Any CPU
		Release|Mixed Platforms = Release|Mixed Platforms
		Release|x86 = Release|x86
	EndGlobalSection
	GlobalSection(ProjectConfigurationPlatforms) = postSolution
		{E18A4236-5BFC-4033-A62C-BBADF7BBDD8E}.Debug|Any CPU.ActiveCfg = Debug|Any CPU
		{E18A4236-5BFC-4033-A62C-BBADF7BBDD8E}.Debug|Any CPU.Build.0 = Debug|Any CPU
		{E18A4236-5BFC-4033-A62C-BBADF7BBDD8E}.Debug|Mixed Platforms.ActiveCfg = Debug|Any CPU
		{E18A4236-5BFC-4033-A62C-BBADF7BBDD8E}.Debug|Mixed Platforms.Build.0 = Debug|Any CPU
		{E18A4236-5BFC-4033-A62C-BBADF7BBDD8E}.Debug|x86.ActiveCfg = Debug|Any CPU
		{E18A4236-5BFC-4033-A62C-BBADF7BBDD8E}.Release|Any CPU.ActiveCfg = Release|Any CPU
		{E18A4236-5BFC-4033-A62C-BBADF7BBDD8E}.Release|Any CPU.Build.0 = Release|Any CPU
		{E18A4236-5BFC-4033-A62C-BBADF7BBDD8E}.Release|Mixed Platforms.ActiveCfg = Release|Any CPU
		{E18A4236-5BFC-4033-A62C-BBADF7BBDD8E}.Release|Mixed Platforms.Build.0 = Release|Any CPU
		{E18A4236-5BFC-4033-A62C-BBADF7BBDD8E}.Release|x86.ActiveCfg = Release|Any CPU
		{078FBA2F-3140-4653-81E1-9216BEBEEB60}.Debug|Any CPU.ActiveCfg = Debug|Any CPU
		{078FBA2F-3140-4653-81E1-9216BEBEEB60}.Debug|Any CPU.Build.0 = Debug|Any CPU
		{078FBA2F-3140-4653-81E1-9216BEBEEB60}.Debug|Mixed Platforms.ActiveCfg = Debug|Any CPU
		{078FBA2F-3140-4653-81E1-9216BEBEEB60}.Debug|Mixed Platforms.Build.0 = Debug|Any CPU
		{078FBA2F-3140-4653-81E1-9216BEBEEB60}.Debug|x86.ActiveCfg = Debug|Any CPU
		{078FBA2F-3140-4653-81E1-9216BEBEEB60}.Release|Any CPU.ActiveCfg = Release|Any CPU
		{078FBA2F-3140-4653-81E1-9216BEBEEB60}.Release|Any CPU.Build.0 = Release|Any CPU
		{078FBA2F-3140-4653-81E1-9216BEBEEB60}.Release|Mixed Platforms.ActiveCfg = Release|Any CPU
		{078FBA2F-3140-4653-81E1-9216BEBEEB60}.Release|Mixed Platforms.Build.0 = Release|Any CPU
		{078FBA2F-3140-4653-81E1-9216BEBEEB60}.Release|x86.ActiveCfg = Release|Any CPU
		{CEC03019-1222-4516-8E9E-770EDEA1ED30}.Debug|Any CPU.ActiveCfg = Debug|Any CPU
		{CEC03019-1222-4516-8E9E-770EDEA1ED30}.Debug|Any CPU.Build.0 = Debug|Any CPU
		{CEC03019-1222-4516-8E9E-770EDEA1ED30}.Debug|Mixed Platforms.ActiveCfg = Debug|Any CPU
		{CEC03019-1222-4516-8E9E-770EDEA1ED30}.Debug|Mixed Platforms.Build.0 = Debug|Any CPU
		{CEC03019-1222-4516-8E9E-770EDEA1ED30}.Debug|x86.ActiveCfg = Debug|Any CPU
		{CEC03019-1222-4516-8E9E-770EDEA1ED30}.Release|Any CPU.ActiveCfg = Release|Any CPU
		{CEC03019-1222-4516-8E9E-770EDEA1ED30}.Release|Any CPU.Build.0 = Release|Any CPU
		{CEC03019-1222-4516-8E9E-770EDEA1ED30}.Release|Mixed Platforms.ActiveCfg = Release|Any CPU
		{CEC03019-1222-4516-8E9E-770EDEA1ED30}.Release|Mixed Platforms.Build.0 = Release|Any CPU
		{CEC03019-1222-4516-8E9E-770EDEA1ED30}.Release|x86.ActiveCfg = Release|Any CPU
		{D2E8F793-FEAC-4CD8-A6CA-AE669EA791E9}.Debug|Any CPU.ActiveCfg = Debug|Any CPU
		{D2E8F793-FEAC-4CD8-A6CA-AE669EA791E9}.Debug|Any CPU.Build.0 = Debug|Any CPU
		{D2E8F793-FEAC-4CD8-A6CA-AE669EA791E9}.Debug|Mixed Platforms.ActiveCfg = Debug|Any CPU
		{D2E8F793-FEAC-4CD8-A6CA-AE669EA791E9}.Debug|Mixed Platforms.Build.0 = Debug|Any CPU
		{D2E8F793-FEAC-4CD8-A6CA-AE669EA791E9}.Debug|x86.ActiveCfg = Debug|Any CPU
		{D2E8F793-FEAC-4CD8-A6CA-AE669EA791E9}.Release|Any CPU.ActiveCfg = Release|Any CPU
		{D2E8F793-FEAC-4CD8-A6CA-AE669EA791E9}.Release|Any CPU.Build.0 = Release|Any CPU
		{D2E8F793-FEAC-4CD8-A6CA-AE669EA791E9}.Release|Mixed Platforms.ActiveCfg = Release|Any CPU
		{D2E8F793-FEAC-4CD8-A6CA-AE669EA791E9}.Release|Mixed Platforms.Build.0 = Release|Any CPU
		{D2E8F793-FEAC-4CD8-A6CA-AE669EA791E9}.Release|x86.ActiveCfg = Release|Any CPU
	EndGlobalSection
	GlobalSection(SolutionProperties) = preSolution
		HideSolutionNode = FALSE
	EndGlobalSection
EndGlobal
